Microsoft Visual Studio Solution File, Format Version 12.00
# Visual Studio Version 17
VisualStudioVersion = 17.13.35931.197
MinimumVisualStudioVersion = 10.0.40219.1
Project("{FAE04EC0-301F-11D3-BF4B-00C04F79EFBC}") = "BTX_ExpansionPack", "BTX_ExpansionPack.csproj", "{B4A74F96-934B-479E-AA50-D296E02B4519}"
EndProject
Global
	GlobalSection(SolutionConfigurationPlatforms) = preSolution
		Debug|Any CPU = Debug|Any CPU
		Release|Any CPU = Release|Any CPU
	EndGlobalSection
	GlobalSection(ProjectConfigurationPlatforms) = postSolution
		{B4A74F96-934B-479E-AA50-D296E02B4519}.Debug|Any CPU.ActiveCfg = Debug|Any CPU
		{B4A74F96-934B-479E-AA50-D296E02B4519}.Debug|Any CPU.Build.0 = Debug|Any CPU
		{B4A74F96-934B-479E-AA50-D296E02B4519}.Release|Any CPU.ActiveCfg = Release|Any CPU
		{B4A74F96-934B-479E-AA50-D296E02B4519}.Release|Any CPU.Build.0 = Release|Any CPU
	EndGlobalSection
	GlobalSection(SolutionProperties) = preSolution
		HideSolutionNode = FALSE
	EndGlobalSection
	GlobalSection(ExtensibilityGlobals) = postSolution
		SolutionGuid = {2E421D30-9FF9-4183-94E9-4CEB8D0B45EA}
	EndGlobalSection
EndGlobal
